
Microsoft Visual Studio Solution File, Format Version 12.00
# Visual Studio Version 17
VisualStudioVersion = 17.7.34024.191
MinimumVisualStudioVersion = 10.0.40219.1
Project("{FAE04EC0-301F-11D3-BF4B-00C04F79EFBC}") = "TrueUltimateGuide", "TrueUltimateGuide\TrueUltimateGuide.csproj", "{F2686226-A358-4E95-B915-0488BFC78770}"
EndProject
Global
	GlobalSection(SolutionConfigurationPlatforms) = preSolution
		Debug|Any CPU = Debug|Any CPU
		Release|Any CPU = Release|Any CPU
	EndGlobalSection
	GlobalSection(ProjectConfigurationPlatforms) = postSolution
		{F2686226-A358-4E95-B915-0488BFC78770}.Debug|Any CPU.ActiveCfg = Debug|Any CPU
		{F2686226-A358-4E95-B915-0488BFC78770}.Debug|Any CPU.Build.0 = Debug|Any CPU
		{F2686226-A358-4E95-B915-0488BFC78770}.Release|Any CPU.ActiveCfg = Release|Any CPU
		{F2686226-A358-4E95-B915-0488BFC78770}.Release|Any CPU.Build.0 = Release|Any CPU
	EndGlobalSection
	GlobalSection(SolutionProperties) = preSolution
		HideSolutionNode = FALSE
	EndGlobalSection
	GlobalSection(ExtensibilityGlobals) = postSolution
		SolutionGuid = {D4F08EA0-A23C-4D68-AB2D-D57E02CD781D}
	EndGlobalSection
EndGlobal
